
Microsoft Visual Studio Solution File, Format Version 12.00
# Visual Studio 15
VisualStudioVersion = 15.0.27428.2005
MinimumVisualStudioVersion = 10.0.40219.1
Project("{FAE04EC0-301F-11D3-BF4B-00C04F79EFBC}") = "CustomKeyboard", "CustomKeyboard\CustomKeyboard.csproj", "{421EA964-7B7A-401A-8EB4-BB2954B955E8}"
EndProject
Global
	GlobalSection(SolutionConfigurationPlatforms) = preSolution
		Debug|Any CPU = Debug|Any CPU
		Release|Any CPU = Release|Any CPU
	EndGlobalSection
	GlobalSection(ProjectConfigurationPlatforms) = postSolution
		{421EA964-7B7A-401A-8EB4-BB2954B955E8}.Debug|Any CPU.ActiveCfg = Debug|Any CPU
		{421EA964-7B7A-401A-8EB4-BB2954B955E8}.Debug|Any CPU.Build.0 = Debug|Any CPU
		{421EA964-7B7A-401A-8EB4-BB2954B955E8}.Debug|Any CPU.Deploy.0 = Debug|Any CPU
		{421EA964-7B7A-401A-8EB4-BB2954B955E8}.Release|Any CPU.ActiveCfg = Release|Any CPU
		{421EA964-7B7A-401A-8EB4-BB2954B955E8}.Release|Any CPU.Build.0 = Release|Any CPU
		{421EA964-7B7A-401A-8EB4-BB2954B955E8}.Release|Any CPU.Deploy.0 = Release|Any CPU
	EndGlobalSection
	GlobalSection(SolutionProperties) = preSolution
		HideSolutionNode = FALSE
	EndGlobalSection
	GlobalSection(ExtensibilityGlobals) = postSolution
		SolutionGuid = {FD0B6A1A-1314-4AD9-9E88-BE853CBEF86E}
	EndGlobalSection
EndGlobal
